Microsoft Visual Studio Solution File, Format Version 11.00
# Visual Studio 2008

Project("{26F85CEE-ADC5-51AA-63E9-AD150785BA9F}") = "Steamruner", "Assembly-CSharp.csproj", "{013F6D3F-8DA2-7E04-F83E-D47B1C2A4FB3}"
EndProject
Global
	GlobalSection(SolutionConfigurationPlatforms) = preSolution
		Debug|Any CPU = Debug|Any CPU
		Release|Any CPU = Release|Any CPU
	EndGlobalSection
	GlobalSection(ProjectConfigurationPlatforms) = postSolution
		{013F6D3F-8DA2-7E04-F83E-D47B1C2A4FB3}.Debug|Any CPU.ActiveCfg = Debug|Any CPU
		{013F6D3F-8DA2-7E04-F83E-D47B1C2A4FB3}.Debug|Any CPU.Build.0 = Debug|Any CPU
		{013F6D3F-8DA2-7E04-F83E-D47B1C2A4FB3}.Release|Any CPU.ActiveCfg = Release|Any CPU
		{013F6D3F-8DA2-7E04-F83E-D47B1C2A4FB3}.Release|Any CPU.Build.0 = Release|Any CPU
	EndGlobalSection
	GlobalSection(SolutionProperties) = preSolution
		HideSolutionNode = FALSE
	EndGlobalSection
	GlobalSection(MonoDevelopProperties) = preSolution
		StartupItem = Assembly-CSharp.csproj
	EndGlobalSection
EndGlobal
